
Microsoft Visual Studio Solution File, Format Version 12.00
# Visual Studio Version 17
VisualStudioVersion = 17.12.35707.178
MinimumVisualStudioVersion = 10.0.40219.1
Project("{FAE04EC0-301F-11D3-BF4B-00C04F79EFBC}") = "R2Model", "R2Model\R2Model.csproj", "{AD5C3436-9171-4523-A687-42DE37A3ADED}"
EndProject
Project("{FAE04EC0-301F-11D3-BF4B-00C04F79EFBC}") = "R2API", "R2API\R2API.csproj", "{95F428E3-2553-401A-814F-8D8C76DBF035}"
EndProject
Project("{FAE04EC0-301F-11D3-BF4B-00C04F79EFBC}") = "R2.UI", "R2.UI\R2.UI.csproj", "{0F40150C-54FD-373E-E534-D5DE7518374F}"
EndProject
Global
	GlobalSection(SolutionConfigurationPlatforms) = preSolution
		Debug|Any CPU = Debug|Any CPU
		Release|Any CPU = Release|Any CPU
	EndGlobalSection
	GlobalSection(ProjectConfigurationPlatforms) = postSolution
		{AD5C3436-9171-4523-A687-42DE37A3ADED}.Debug|Any CPU.ActiveCfg = Debug|Any CPU
		{AD5C3436-9171-4523-A687-42DE37A3ADED}.Debug|Any CPU.Build.0 = Debug|Any CPU
		{AD5C3436-9171-4523-A687-42DE37A3ADED}.Release|Any CPU.ActiveCfg = Release|Any CPU
		{AD5C3436-9171-4523-A687-42DE37A3ADED}.Release|Any CPU.Build.0 = Release|Any CPU
		{95F428E3-2553-401A-814F-8D8C76DBF035}.Debug|Any CPU.ActiveCfg = Debug|Any CPU
		{95F428E3-2553-401A-814F-8D8C76DBF035}.Debug|Any CPU.Build.0 = Debug|Any CPU
		{95F428E3-2553-401A-814F-8D8C76DBF035}.Release|Any CPU.ActiveCfg = Release|Any CPU
		{95F428E3-2553-401A-814F-8D8C76DBF035}.Release|Any CPU.Build.0 = Release|Any CPU
		{0F40150C-54FD-373E-E534-D5DE7518374F}.Debug|Any CPU.ActiveCfg = Debug|Any CPU
		{0F40150C-54FD-373E-E534-D5DE7518374F}.Debug|Any CPU.Build.0 = Debug|Any CPU
		{0F40150C-54FD-373E-E534-D5DE7518374F}.Release|Any CPU.ActiveCfg = Release|Any CPU
		{0F40150C-54FD-373E-E534-D5DE7518374F}.Release|Any CPU.Build.0 = Release|Any CPU
	EndGlobalSection
	GlobalSection(SolutionProperties) = preSolution
		HideSolutionNode = FALSE
	EndGlobalSection
	GlobalSection(ExtensibilityGlobals) = postSolution
		SolutionGuid = {98A0E4C8-5E48-4F81-B848-14198543FCF5}
	EndGlobalSection
EndGlobal
